# THIS IS AN AUTOGENERATED FILE. DO NOT EDIT THIS FILE DIRECTLY.
# yarn lockfile v1


"@civ-clone/core-city-build@^0.1.3":
  version "0.1.5"
  resolved "https://registry.yarnpkg.com/@civ-clone/core-city-build/-/core-city-build-0.1.5.tgz#f62866db85899c6322b6ebe86bc328ebf71bf3c2"
  integrity sha512-wTSruAbYXIbZJVrSagk4cemk5ownSQQ1yJfWqgzCs2/jaJclFG2liPrEWNKoJV0CUaj2K2yGynjr3yDlzgdqcQ==
  dependencies:
    "@civ-clone/core-city" "^0.1.0"
    "@civ-clone/core-data-object" "^0.1.0"
    "@civ-clone/core-player" "^0.1.0"
    "@civ-clone/core-registry" "^0.1.0"
    "@civ-clone/core-rule" "^0.1.0"
    "@civ-clone/core-yield" "^0.1.0"

"@civ-clone/core-city@^0.1.0":
  version "0.1.7"
  resolved "https://registry.yarnpkg.com/@civ-clone/core-city/-/core-city-0.1.7.tgz#6f775f85c83afdd6f194c4ab0d3c57ab90ea8f8e"
  integrity sha512-jHGPEPnfcQIfjSTXeK81RGNr5Nv1+0eO7SCdzuMDk1CEnU2yfkEjqx4pZKx6fKiDxHKKlRuy5sy4fwWNtgukbA==
  dependencies:
    "@civ-clone/core-data-object" "^0.1.0"
    "@civ-clone/core-player" "^0.1.0"
    "@civ-clone/core-registry" "^0.1.0"
    "@civ-clone/core-rule" "^0.1.0"
    "@civ-clone/core-world" "^0.1.0"
    "@civ-clone/core-yield" "^0.1.0"

"@civ-clone/core-civilization@^0.1.0":
  version "0.1.2"
  resolved "https://registry.yarnpkg.com/@civ-clone/core-civilization/-/core-civilization-0.1.2.tgz#af3ffedc86625c80611a801c857d454f43861bfb"
  integrity sha512-fSiUPOFA3Ap9TMZ01vabUvSh6YxpSPfAbtCceOVpzDFJQTF9N3WMxXYuypAdFTechrHZoJ4iJlzJOSLnTQPoDw==
  dependencies:
    "@civ-clone/core-data-object" "^0.1.0"
    "@civ-clone/core-registry" "^0.1.0"
    "@civ-clone/core-yield" "^0.1.0"

"@civ-clone/core-data-object@^0.1.0":
  version "0.1.9"
  resolved "https://registry.yarnpkg.com/@civ-clone/core-data-object/-/core-data-object-0.1.9.tgz#1fa9f6973540cd41f16190ead4ea36ec18b2dd89"
  integrity sha512-Oerj84VLp2LGL/M46KUKizDRXRSTG3riM1us32h18N8XEuGIjHOmottE6YLiI7p/60d4NXq3alPLbV4ejpQtEw==
  dependencies:
    "@civ-clone/core-registry" "^0.1.0"

"@civ-clone/core-engine@^0.1.0":
  version "0.1.2"
  resolved "https://registry.yarnpkg.com/@civ-clone/core-engine/-/core-engine-0.1.2.tgz#cad2a5e76c0d04c5a8b053a5de106fb14f555483"
  integrity sha512-gHZ5D+WvHiLcqT0cT8thMRYdRPW/IeTgmkucEfNxTdGfXOZBlJOsOsQ2+7jlxbRRQAV1mVV1E2Z7Sm6DPGp5Iw==
  dependencies:
    "@civ-clone/core-rule" "^0.1.0"
    "@types/glob" "^7.1.3"
    glob "^7.1.6"

"@civ-clone/core-player@^0.1.0":
  version "0.1.4"
  resolved "https://registry.yarnpkg.com/@civ-clone/core-player/-/core-player-0.1.4.tgz#a58ad0e594ba1e1eb0b518e0f5b677c65c11dad5"
  integrity sha512-40g0u1WEOSyGPWsmP7GQG11LA03fuDmDt0RWw2uCIbV7kjIh1xHM8znhKeZCeMWJRumF8S1dGDQGYzg67VQnPw==
  dependencies:
    "@civ-clone/core-civilization" "^0.1.0"
    "@civ-clone/core-data-object" "^0.1.0"
    "@civ-clone/core-registry" "^0.1.0"
    "@civ-clone/core-rule" "^0.1.0"

"@civ-clone/core-registry@^0.1.0":
  version "0.1.1"
  resolved "https://registry.yarnpkg.com/@civ-clone/core-registry/-/core-registry-0.1.1.tgz#397fcd926d2809e98638e9d259150ccddd54b2fd"
  integrity sha512-QmeffB0fmNLjIQMAgiZBQugOqWhOzgDpzgKB4KQtdkMrhjKV0jZw2VfM0mbEyqqem4hrSLsbrLkcA9aJh5NMXw==

"@civ-clone/core-rule@^0.1.0":
  version "0.1.2"
  resolved "https://registry.yarnpkg.com/@civ-clone/core-rule/-/core-rule-0.1.2.tgz#06c5993f6a4903fa787c232487973768481b9d49"
  integrity sha512-6BvC+o88imk0eRoqSJa/7XamO3SgmFXoopy6lUuBJOuThv88lIWWkf2AJDWOIP6IhUBcOiVaMdL6mpjAAlpg5A==
  dependencies:
    "@civ-clone/core-registry" "^0.1.0"

"@civ-clone/core-terrain@^0.1.0":
  version "0.1.1"
  resolved "https://registry.yarnpkg.com/@civ-clone/core-terrain/-/core-terrain-0.1.1.tgz#a9e02cbb02cd9aaf8533bad3e870dd59521fea4d"
  integrity sha512-LahiuoOvJPafI2+l4r7iTxGtOuoj7zTumBPOAhqjnDYDIB2wrWSgXoT64ownJYL1NoXqjYTL6fMINur1ueyiLw==
  dependencies:
    "@civ-clone/core-data-object" "^0.1.0"
    "@civ-clone/core-registry" "^0.1.0"
    "@civ-clone/core-rule" "^0.1.0"

"@civ-clone/core-turn-based-game@^0.1.0":
  version "0.1.2"
  resolved "https://registry.yarnpkg.com/@civ-clone/core-turn-based-game/-/core-turn-based-game-0.1.2.tgz#e8d4b2f518548040f3fc3f2c3e01247eb85b01ab"
  integrity sha512-3Ifwr+womP3/SQV8DGgB0cYB27Bm1nQ3AFsTgxEK/Jw6D52JUKJvG2Xwp5P0y0xv1d/gSsp1tFJJPKKJPs+KGQ==
  dependencies:
    "@civ-clone/core-engine" "^0.1.0"
    "@civ-clone/core-rule" "^0.1.0"
    "@civ-clone/core-yield" "^0.1.0"

"@civ-clone/core-unit@^0.1.0":
  version "0.1.13"
  resolved "https://registry.yarnpkg.com/@civ-clone/core-unit/-/core-unit-0.1.13.tgz#b4a7626d78f5d4b4af920bf6ed271aa77148be43"
  integrity sha512-72MJ0XG0x7lMTaI+q7WELpRhe9HZ8NmwvuehO8MM97ZMwPsmONWL+mCxm0PrGEN7kFAj0gb2DBeiv3XXYXlS1g==
  dependencies:
    "@civ-clone/core-city" "^0.1.0"
    "@civ-clone/core-city-build" "^0.1.3"
    "@civ-clone/core-data-object" "^0.1.0"
    "@civ-clone/core-player" "^0.1.0"
    "@civ-clone/core-registry" "^0.1.0"
    "@civ-clone/core-rule" "^0.1.0"
    "@civ-clone/core-turn-based-game" "^0.1.0"
    "@civ-clone/core-world" "^0.1.0"
    "@civ-clone/core-yield" "^0.1.0"

"@civ-clone/core-world-generator@^0.1.0":
  version "0.1.2"
  resolved "https://registry.yarnpkg.com/@civ-clone/core-world-generator/-/core-world-generator-0.1.2.tgz#e718aafcfca780ca91769a279cd1e4c1f4356b16"
  integrity sha512-BINMMUpuJZNogwHFcJ6osMe+azJ6uFiGmcTK3ZdfB1QVz95fkSDl6Bf3/PiGpbRxB+MuIbE+l4WytTtrdC+enA==
  dependencies:
    "@civ-clone/core-registry" "^0.1.0"
    "@civ-clone/core-rule" "^0.1.0"
    "@civ-clone/core-terrain" "^0.1.0"

"@civ-clone/core-world@^0.1.0":
  version "0.1.9"
  resolved "https://registry.yarnpkg.com/@civ-clone/core-world/-/core-world-0.1.9.tgz#e835e9cb6b7744ecd0f45c004032437ad6e30abc"
  integrity sha512-/VoftlqZUu+1l0En8t3t09Z3FboWKWxZO28yJsT2Df+AWocmclzecmzKPYGkkhIAiUcFb/RqSLJB2PclY15lzg==
  dependencies:
    "@civ-clone/core-data-object" "^0.1.0"
    "@civ-clone/core-player" "^0.1.0"
    "@civ-clone/core-registry" "^0.1.0"
    "@civ-clone/core-rule" "^0.1.0"
    "@civ-clone/core-terrain" "^0.1.0"
    "@civ-clone/core-world-generator" "^0.1.0"
    "@civ-clone/core-yield" "^0.1.0"

"@civ-clone/core-yield@^0.1.0":
  version "0.1.3"
  resolved "https://registry.yarnpkg.com/@civ-clone/core-yield/-/core-yield-0.1.3.tgz#d4b0bb267e608bc97ce0b023140b01e695ef0956"
  integrity sha512-X7rZ/d/CgLqpWou0wY/OiKdP+reY2zMEl03J/Qp/+bL4+BLFM3eBSjQ6LWdPdN6v67kcU6BSLwJDGpiAwC0ZXg==
  dependencies:
    "@civ-clone/core-data-object" "^0.1.0"
    "@civ-clone/core-registry" "^0.1.0"

"@types/glob@^7.1.3":
  version "7.2.0"
  resolved "https://registry.yarnpkg.com/@types/glob/-/glob-7.2.0.tgz#bc1b5bf3aa92f25bd5dd39f35c57361bdce5b2eb"
  integrity sha512-ZUxbzKl0IfJILTS6t7ip5fQQM/J3TJYubDm3nMbgubNNYS62eXeUpoLUC8/7fJNiFYHTrGPQn7hspDUzIHX3UA==
  dependencies:
    "@types/minimatch" "*"
    "@types/node" "*"

"@types/minimatch@*":
  version "5.1.2"
  resolved "https://registry.yarnpkg.com/@types/minimatch/-/minimatch-5.1.2.tgz#07508b45797cb81ec3f273011b054cd0755eddca"
  integrity sha512-K0VQKziLUWkVKiRVrx4a40iPaxTUefQmjtkQofBkYRcoaaL/8rhwDWww9qWbrgicNOgnpIsMxyNIUM4+n6dUIA==

"@types/node@*":
  version "18.11.0"
  resolved "https://registry.yarnpkg.com/@types/node/-/node-18.11.0.tgz#f38c7139247a1d619f6cc6f27b072606af7c289d"
  integrity sha512-IOXCvVRToe7e0ny7HpT/X9Rb2RYtElG1a+VshjwT00HxrM2dWBApHQoqsI6WiY7Q03vdf2bCrIGzVrkF/5t10w==

"@types/node@^14.11.2":
  version "14.18.32"
  resolved "https://registry.yarnpkg.com/@types/node/-/node-14.18.32.tgz#8074f7106731f1a12ba993fe8bad86ee73905014"
  integrity sha512-Y6S38pFr04yb13qqHf8uk1nHE3lXgQ30WZbv1mLliV9pt0NjvqdWttLcrOYLnXbOafknVYRHZGoMSpR9UwfYow==

balanced-match@^1.0.0:
  version "1.0.2"
  resolved "https://registry.yarnpkg.com/balanced-match/-/balanced-match-1.0.2.tgz#e83e3a7e3f300b34cb9d87f615fa0cbf357690ee"
  integrity sha512-3oSeUO0TMV67hN1AmbXsK4yaqU7tjiHlbxRDZOpH0KW9+CeX4bRAaX0Anxt0tx2MrpRpWwQaPwIlISEJhYU5Pw==

brace-expansion@^1.1.7:
  version "1.1.11"
  resolved "https://registry.yarnpkg.com/brace-expansion/-/brace-expansion-1.1.11.tgz#3c7fcbf529d87226f3d2f52b966ff5271eb441dd"
  integrity sha512-iCuPHDFgrHX7H2vEI/5xpz07zSHB00TpugqhmYtVmMO6518mCuRMoOYFldEBl0g187ufozdaHgWKcYFb61qGiA==
  dependencies:
    balanced-match "^1.0.0"
    concat-map "0.0.1"

concat-map@0.0.1:
  version "0.0.1"
  resolved "https://registry.yarnpkg.com/concat-map/-/concat-map-0.0.1.tgz#d8a96bd77fd68df7793a73036a3ba0d5405d477b"
  integrity sha512-/Srv4dswyQNBfohGpz9o6Yb3Gz3SrUDqBH5rTuhGR7ahtlbYKnVxw2bCFMRljaA7EXHaXZ8wsHdodFvbkhKmqg==

fs.realpath@^1.0.0:
  version "1.0.0"
  resolved "https://registry.yarnpkg.com/fs.realpath/-/fs.realpath-1.0.0.tgz#1504ad2523158caa40db4a2787cb01411994ea4f"
  integrity sha512-OO0pH2lK6a0hZnAdau5ItzHPI6pUlvI7jMVnxUQRtw4owF2wk8lOSabtGDCTP4Ggrg2MbGnWO9X8K1t4+fGMDw==

glob@^7.1.6:
  version "7.2.3"
  resolved "https://registry.yarnpkg.com/glob/-/glob-7.2.3.tgz#b8df0fb802bbfa8e89bd1d938b4e16578ed44f2b"
  integrity sha512-nFR0zLpU2YCaRxwoCJvL6UvCH2JFyFVIvwTLsIf21AuHlMskA1hhTdk+LlYJtOlYt9v6dvszD2BGRqBL+iQK9Q==
  dependencies:
    fs.realpath "^1.0.0"
    inflight "^1.0.4"
    inherits "2"
    minimatch "^3.1.1"
    once "^1.3.0"
    path-is-absolute "^1.0.0"

inflight@^1.0.4:
  version "1.0.6"
  resolved "https://registry.yarnpkg.com/inflight/-/inflight-1.0.6.tgz#49bd6331d7d02d0c09bc910a1075ba8165b56df9"
  integrity sha512-k92I/b08q4wvFscXCLvqfsHCrjrF7yiXsQuIVvVE7N82W3+aqpzuUdBbfhWcy/FZR3/4IgflMgKLOsvPDrGCJA==
  dependencies:
    once "^1.3.0"
    wrappy "1"

inherits@2:
  version "2.0.4"
  resolved "https://registry.yarnpkg.com/inherits/-/inherits-2.0.4.tgz#0fa2c64f932917c3433a0ded55363aae37416b7c"
  integrity sha512-k/vGaX4/Yla3WzyMCvTQOXYeIHvqOKtnqBduzTHpzpQZzAskKMhZ2K+EnBiSM9zGSoIFeMpXKxa4dYeZIQqewQ==

minimatch@^3.1.1:
  version "3.1.2"
  resolved "https://registry.yarnpkg.com/minimatch/-/minimatch-3.1.2.tgz#19cd194bfd3e428f049a70817c038d89ab4be35b"
  integrity sha512-J7p63hRiAjw1NDEww1W7i37+ByIrOWO5XQQAzZ3VOcL0PNybwpfmV/N05zFAzwQ9USyEcX6t3UO+K5aqBQOIHw==
  dependencies:
    brace-expansion "^1.1.7"

once@^1.3.0:
  version "1.4.0"
  resolved "https://registry.yarnpkg.com/once/-/once-1.4.0.tgz#583b1aa775961d4b113ac17d9c50baef9dd76bd1"
  integrity sha512-lNaJgI+2Q5URQBkccEKHTQOPaXdUxnZZElQTZY0MFUAuaEqe1E+Nyvgdz/aIyNi6Z9MzO5dv1H8n58/GELp3+w==
  dependencies:
    wrappy "1"

path-is-absolute@^1.0.0:
  version "1.0.1"
  resolved "https://registry.yarnpkg.com/path-is-absolute/-/path-is-absolute-1.0.1.tgz#174b9268735534ffbc7ace6bf53a5a9e1b5c5f5f"
  integrity sha512-AVbw3UJ2e9bq64vSaS9Am0fje1Pa8pbGqTTsmXfaIiMpnr5DlDhfJOuLj9Sf95ZPVDAUerDfEk88MPmPe7UCQg==

prettier@^2.1.2:
  version "2.7.1"
  resolved "https://registry.yarnpkg.com/prettier/-/prettier-2.7.1.tgz#e235806850d057f97bb08368a4f7d899f7760c64"
  integrity sha512-ujppO+MkdPqoVINuDFDRLClm7D78qbDt0/NR+wp5FqEZOoTNAjPHWj17QRhu7geIHJfcNhRk1XVQmF8Bp3ye+g==

typescript@^4.0.3:
  version "4.8.4"
  resolved "https://registry.yarnpkg.com/typescript/-/typescript-4.8.4.tgz#c464abca159669597be5f96b8943500b238e60e6"
  integrity sha512-QCh+85mCy+h0IGff8r5XWzOVSbBO+KfeYrMQh7NJ58QujwcE22u+NUSmUxqF+un70P9GXKxa2HCNiTTMJknyjQ==

wrappy@1:
  version "1.0.2"
  resolved "https://registry.yarnpkg.com/wrappy/-/wrappy-1.0.2.tgz#b5243d8f3ec1aa35f1364605bc0d1036e30ab69f"
  integrity sha512-l4Sp/DRseor9wL6EvV2+TuQn63dMkPjZ/sp9XkghTEbV9KlPS1xUsZ3u7/IQO4wxtcFB4bgpQPRcR3QCvezPcQ==
